
Microsoft Visual Studio Solution File, Format Version 12.00
# Visual Studio Version 17
VisualStudioVersion = 17.0.31903.59
MinimumVisualStudioVersion = 10.0.40219.1
Project("{2150E333-8FDC-42A3-9474-1A3956D46DE8}") = "http-clients", "http-clients", "{64D1719A-B0EE-4105-84CE-0FFEA3E042C7}"
EndProject
Project("{9A19103F-16F7-4668-BE54-9A1E7A4F7556}") = "OBilet.HttpClient", "http-clients\OBilet.HttpClient\OBilet.HttpClient.csproj", "{D2F2B463-0479-4C77-BB67-46902F8038DF}"
EndProject
Project("{2150E333-8FDC-42A3-9474-1A3956D46DE8}") = "src", "src", "{688314DE-8C61-4CD2-BA9A-25342D5825C9}"
EndProject
Project("{FAE04EC0-301F-11D3-BF4B-00C04F79EFBC}") = "OBilet.Web", "src\OBilet.Web\OBilet.Web.csproj", "{AF1143EA-C7C7-49AA-A730-29DA849C4AD4}"
EndProject
Global
	GlobalSection(SolutionConfigurationPlatforms) = preSolution
		Debug|Any CPU = Debug|Any CPU
		Release|Any CPU = Release|Any CPU
	EndGlobalSection
	GlobalSection(ProjectConfigurationPlatforms) = postSolution
		{D2F2B463-0479-4C77-BB67-46902F8038DF}.Debug|Any CPU.ActiveCfg = Debug|Any CPU
		{D2F2B463-0479-4C77-BB67-46902F8038DF}.Debug|Any CPU.Build.0 = Debug|Any CPU
		{D2F2B463-0479-4C77-BB67-46902F8038DF}.Release|Any CPU.ActiveCfg = Release|Any CPU
		{D2F2B463-0479-4C77-BB67-46902F8038DF}.Release|Any CPU.Build.0 = Release|Any CPU
		{AF1143EA-C7C7-49AA-A730-29DA849C4AD4}.Debug|Any CPU.ActiveCfg = Debug|Any CPU
		{AF1143EA-C7C7-49AA-A730-29DA849C4AD4}.Debug|Any CPU.Build.0 = Debug|Any CPU
		{AF1143EA-C7C7-49AA-A730-29DA849C4AD4}.Release|Any CPU.ActiveCfg = Release|Any CPU
		{AF1143EA-C7C7-49AA-A730-29DA849C4AD4}.Release|Any CPU.Build.0 = Release|Any CPU
	EndGlobalSection
	GlobalSection(SolutionProperties) = preSolution
		HideSolutionNode = FALSE
	EndGlobalSection
	GlobalSection(NestedProjects) = preSolution
		{D2F2B463-0479-4C77-BB67-46902F8038DF} = {64D1719A-B0EE-4105-84CE-0FFEA3E042C7}
		{AF1143EA-C7C7-49AA-A730-29DA849C4AD4} = {688314DE-8C61-4CD2-BA9A-25342D5825C9}
	EndGlobalSection
EndGlobal
